dependencies:
- name: helm-product
  repository: oci://ghcr.io/onecx/charts
  version: 0.4.0
- name: onecx-file-storage-svc
  repository: oci://ghcr.io/onecx/charts
  version: 0.0.0-rc.3
digest: sha256:0191f0a82ca6b4a5c7bb6d75317a586fcc68ab8e82a8c9fe0ce9db24c156b415
generated: "2026-03-11T10:26:08.681462409Z"
