dependencies:
- name: helm-product
  repository: oci://ghcr.io/onecx/charts
  version: 0.4.0
- name: onecx-file-storage-svc
  repository: oci://ghcr.io/onecx/charts
  version: 0.0.0-rc.8
digest: sha256:8f9499c17103b54faa226174f3d0ce07a1b909090c121f501125ff2cf02d0520
generated: "2026-03-19T09:09:58.446474382Z"
