dependencies:
- name: helm-product
  repository: oci://ghcr.io/onecx/charts
  version: 0.4.0
- name: onecx-file-storage-svc
  repository: oci://ghcr.io/onecx/charts
  version: 0.0.0-rc.14
digest: sha256:bc2f98ecb17d20ca98d1845626b959c4b41123327a1e98da0a886ac41f99362c
generated: "2026-04-13T12:24:35.075344255Z"
